
Microsoft Visual Studio Solution File, Format Version 12.00
# Visual Studio 15
VisualStudioVersion = 15.0.27130.2036
MinimumVisualStudioVersion = 10.0.40219.1
Project("{E24C65DC-7377-472B-9ABA-BC803B73C61A}") = "Multas", "Multas\", "{25B8E7E3-F548-423E-A704-78A263AD2F6C}"
	ProjectSection(WebsiteProperties) = preProject
		TargetFrameworkMoniker = ".NETFramework,Version%3Dv4.6.1"
		Debug.AspNetCompiler.VirtualPath = "/localhost_26591"
		Debug.AspNetCompiler.PhysicalPath = "Multas\"
		Debug.AspNetCompiler.TargetPath = "PrecompiledWeb\localhost_26591\"
		Debug.AspNetCompiler.Updateable = "true"
		Debug.AspNetCompiler.ForceOverwrite = "true"
		Debug.AspNetCompiler.FixedNames = "false"
		Debug.AspNetCompiler.Debug = "True"
		Release.AspNetCompiler.VirtualPath = "/localhost_26591"
		Release.AspNetCompiler.PhysicalPath = "Multas\"
		Release.AspNetCompiler.TargetPath = "PrecompiledWeb\localhost_26591\"
		Release.AspNetCompiler.Updateable = "true"
		Release.AspNetCompiler.ForceOverwrite = "true"
		Release.AspNetCompiler.FixedNames = "false"
		Release.AspNetCompiler.Debug = "False"
		VWDPort = "26591"
		SlnRelativePath = "Multas\"
		DefaultWebSiteLanguage = "Visual C#"
	EndProjectSection
EndProject
Global
	GlobalSection(SolutionConfigurationPlatforms) = preSolution
		Debug|Any CPU = Debug|Any CPU
	EndGlobalSection
	GlobalSection(ProjectConfigurationPlatforms) = postSolution
		{25B8E7E3-F548-423E-A704-78A263AD2F6C}.Debug|Any CPU.ActiveCfg = Debug|Any CPU
		{25B8E7E3-F548-423E-A704-78A263AD2F6C}.Debug|Any CPU.Build.0 = Debug|Any CPU
	EndGlobalSection
	GlobalSection(SolutionProperties) = preSolution
		HideSolutionNode = FALSE
	EndGlobalSection
	GlobalSection(ExtensibilityGlobals) = postSolution
		SolutionGuid = {C48F9592-47BF-48AA-ACE1-6EB5A3653C99}
	EndGlobalSection
EndGlobal
